
Microsoft Visual Studio Solution File, Format Version 12.00
# Visual Studio Version 16
VisualStudioVersion = 16.0.36128.20
MinimumVisualStudioVersion = 10.0.40219.1
Project("{FAE04EC0-301F-11D3-BF4B-00C04F79EFBC}") = "Assignment_5", "Assignment_5\Assignment_5.csproj", "{65449B86-A8CC-4087-A3F9-C3386BC9D59A}"
EndProject
Global
	GlobalSection(SolutionConfigurationPlatforms) = preSolution
		Debug|Any CPU = Debug|Any CPU
		Release|Any CPU = Release|Any CPU
	EndGlobalSection
	GlobalSection(ProjectConfigurationPlatforms) = postSolution
		{65449B86-A8CC-4087-A3F9-C3386BC9D59A}.Debug|Any CPU.ActiveCfg = Debug|Any CPU
		{65449B86-A8CC-4087-A3F9-C3386BC9D59A}.Debug|Any CPU.Build.0 = Debug|Any CPU
		{65449B86-A8CC-4087-A3F9-C3386BC9D59A}.Release|Any CPU.ActiveCfg = Release|Any CPU
		{65449B86-A8CC-4087-A3F9-C3386BC9D59A}.Release|Any CPU.Build.0 = Release|Any CPU
	EndGlobalSection
	GlobalSection(SolutionProperties) = preSolution
		HideSolutionNode = FALSE
	EndGlobalSection
	GlobalSection(ExtensibilityGlobals) = postSolution
		SolutionGuid = {D8EA2021-C2F4-4A5D-9762-6D365C79B304}
	EndGlobalSection
EndGlobal
