
Microsoft Visual Studio Solution File, Format Version 12.00
# Visual Studio Version 16
VisualStudioVersion = 16.0.36128.20
MinimumVisualStudioVersion = 10.0.40219.1
Project("{FAE04EC0-301F-11D3-BF4B-00C04F79EFBC}") = "AOD_Practice1", "AOD_Practice1\AOD_Practice1.csproj", "{900D5491-6715-48BB-B9A5-28A157A7BFB7}"
EndProject
Global
	GlobalSection(SolutionConfigurationPlatforms) = preSolution
		Debug|Any CPU = Debug|Any CPU
		Release|Any CPU = Release|Any CPU
	EndGlobalSection
	GlobalSection(ProjectConfigurationPlatforms) = postSolution
		{900D5491-6715-48BB-B9A5-28A157A7BFB7}.Debug|Any CPU.ActiveCfg = Debug|Any CPU
		{900D5491-6715-48BB-B9A5-28A157A7BFB7}.Debug|Any CPU.Build.0 = Debug|Any CPU
		{900D5491-6715-48BB-B9A5-28A157A7BFB7}.Release|Any CPU.ActiveCfg = Release|Any CPU
		{900D5491-6715-48BB-B9A5-28A157A7BFB7}.Release|Any CPU.Build.0 = Release|Any CPU
	EndGlobalSection
	GlobalSection(SolutionProperties) = preSolution
		HideSolutionNode = FALSE
	EndGlobalSection
	GlobalSection(ExtensibilityGlobals) = postSolution
		SolutionGuid = {D27BD600-E8B2-49FC-9750-CEFB9E72ACEB}
	EndGlobalSection
EndGlobal
