
Microsoft Visual Studio Solution File, Format Version 12.00
# Visual Studio Version 16
VisualStudioVersion = 16.0.36128.20
MinimumVisualStudioVersion = 10.0.40219.1
Project("{FAE04EC0-301F-11D3-BF4B-00C04F79EFBC}") = "Assignment6", "Assignment6\Assignment6.csproj", "{3E509187-E228-4FB9-BA81-6C677F89C7A0}"
EndProject
Global
	GlobalSection(SolutionConfigurationPlatforms) = preSolution
		Debug|Any CPU = Debug|Any CPU
		Release|Any CPU = Release|Any CPU
	EndGlobalSection
	GlobalSection(ProjectConfigurationPlatforms) = postSolution
		{3E509187-E228-4FB9-BA81-6C677F89C7A0}.Debug|Any CPU.ActiveCfg = Debug|Any CPU
		{3E509187-E228-4FB9-BA81-6C677F89C7A0}.Debug|Any CPU.Build.0 = Debug|Any CPU
		{3E509187-E228-4FB9-BA81-6C677F89C7A0}.Release|Any CPU.ActiveCfg = Release|Any CPU
		{3E509187-E228-4FB9-BA81-6C677F89C7A0}.Release|Any CPU.Build.0 = Release|Any CPU
	EndGlobalSection
	GlobalSection(SolutionProperties) = preSolution
		HideSolutionNode = FALSE
	EndGlobalSection
	GlobalSection(ExtensibilityGlobals) = postSolution
		SolutionGuid = {51238FD1-7D49-4D34-AE19-54BC34F0CEE1}
	EndGlobalSection
EndGlobal
